
Microsoft Visual Studio Solution File, Format Version 12.00
# Visual Studio Version 18
VisualStudioVersion = 18.6.11806.211
MinimumVisualStudioVersion = 10.0.40219.1
Project("{FAE04EC0-301F-11D3-BF4B-00C04F79EFBC}") = "GameRentalSystem", "GameRentalSystem\GameRentalSystem.csproj", "{9C77D66A-48D7-4823-9E04-0FED00375637}"
EndProject
Project("{FAE04EC0-301F-11D3-BF4B-00C04F79EFBC}") = "GameRentalAPI", "GameRentalAPI\GameRentalAPI.csproj", "{8A86E84B-D940-4CD6-892E-D774698B19AC}"
EndProject
Project("{2150E333-8FDC-42A3-9474-1A3956D46DE8}") = "Solution Items", "Solution Items", "{69A1BEB6-9745-4644-B107-D8B0A0195D98}"
	ProjectSection(SolutionItems) = preProject
		README.md = README.md
	EndProjectSection
EndProject
Global
	GlobalSection(SolutionConfigurationPlatforms) = preSolution
		Debug|Any CPU = Debug|Any CPU
		Release|Any CPU = Release|Any CPU
	EndGlobalSection
	GlobalSection(ProjectConfigurationPlatforms) = postSolution
		{9C77D66A-48D7-4823-9E04-0FED00375637}.Debug|Any CPU.ActiveCfg = Debug|Any CPU
		{9C77D66A-48D7-4823-9E04-0FED00375637}.Debug|Any CPU.Build.0 = Debug|Any CPU
		{9C77D66A-48D7-4823-9E04-0FED00375637}.Release|Any CPU.ActiveCfg = Release|Any CPU
		{9C77D66A-48D7-4823-9E04-0FED00375637}.Release|Any CPU.Build.0 = Release|Any CPU
		{8A86E84B-D940-4CD6-892E-D774698B19AC}.Debug|Any CPU.ActiveCfg = Debug|Any CPU
		{8A86E84B-D940-4CD6-892E-D774698B19AC}.Debug|Any CPU.Build.0 = Debug|Any CPU
		{8A86E84B-D940-4CD6-892E-D774698B19AC}.Release|Any CPU.ActiveCfg = Release|Any CPU
		{8A86E84B-D940-4CD6-892E-D774698B19AC}.Release|Any CPU.Build.0 = Release|Any CPU
	EndGlobalSection
	GlobalSection(SolutionProperties) = preSolution
		HideSolutionNode = FALSE
	EndGlobalSection
	GlobalSection(ExtensibilityGlobals) = postSolution
		SolutionGuid = {A64B4505-896F-4913-8B6A-3E45835BE4F5}
	EndGlobalSection
EndGlobal
